// !$*UTF8*$!
{
	archiveVersion = 1;
	classes = {
	};
	objectVersion = 46;
	objects = {

/* Begin PBXBuildFile section */
		BDE076EC1CE45A6500A80AB6 /* main.m in Sources */ = {isa = PBXBuildFile; fileRef = BDE076EB1CE45A6500A80AB6 /* main.m */; };
		BDE076EF1CE45A6500A80AB6 /* AppDelegate.m in Sources */ = {isa = PBXBuildFile; fileRef = BDE076EE1CE45A6500A80AB6 /* AppDelegate.m */; };
		BDE076F21CE45A6500A80AB6 /* ViewController.m in Sources */ = {isa = PBXBuildFile; fileRef = BDE076F11CE45A6500A80AB6 /* ViewController.m */; };
		BDE076F51CE45A6500A80AB6 /* Main.storyboard in Resources */ = {isa = PBXBuildFile; fileRef = BDE076F31CE45A6500A80AB6 /* Main.storyboard */; };
		BDE076F71CE45A6500A80AB6 /* Assets.xcassets in Resources */ = {isa = PBXBuildFile; fileRef = BDE076F61CE45A6500A80AB6 /* Assets.xcassets */; };
		BDE076FA1CE45A6500A80AB6 /* LaunchScreen.storyboard in Resources */ = {isa = PBXBuildFile; fileRef = BDE076F81CE45A6500A80AB6 /* LaunchScreen.storyboard */; };
		BDE077051CE45A6600A80AB6 /* HelloWorldTests.m in Sources */ = {isa = PBXBuildFile; fileRef = BDE077041CE45A6600A80AB6 /* HelloWorldTests.m */; };
		BDE077101CE45A6600A80AB6 /* HelloWorldUITests.m in Sources */ = {isa = PBXBuildFile; fileRef = BDE0770F1CE45A6600A80AB6 /* HelloWorldUITests.m */; };
/* End PBXBuildFile section */

/* Begin PBXContainerItemProxy section */
		BDE077011CE45A6600A80AB6 /* PBXContainerItemProxy */ = {
			isa = PBXContainerItemProxy;
			containerPortal = BDE076DF1CE45A6500A80AB6 /* Project object */;
			proxyType = 1;
			remoteGlobalIDString = BDE076E61CE45A6500A80AB6;
			remoteInfo = HelloWorld;
		};
		BDE0770C1CE45A6600A80AB6 /* PBXContainerItemProxy */ = {
			isa = PBXContainerItemProxy;
			containerPortal = BDE076DF1CE45A6500A80AB6 /* Project object */;
			proxyType = 1;
			remoteGlobalIDString = BDE076E61CE45A6500A80AB6;
			remoteInfo = HelloWorld;
		};
/* End PBXContainerItemProxy section */

/* Begin PBXFileReference section */
		BDE076E71CE45A6500A80AB6 /* HelloWorld.app */ = {isa = PBXFileReference; explicitFileType = wrapper.application; includeInIndex = 0; path = HelloWorld.app; sourceTree = BUILT_PRODUCTS_DIR; };
		BDE076EB1CE45A6500A80AB6 /* main.m */ = {isa = PBXFileReference; lastKnownFileType = sourcecode.c.objc; path = main.m; sourceTree = "<group>"; };
		BDE076ED1CE45A6500A80AB6 /* AppDelegate.h */ = {isa = PBXFileReference; lastKnownFileType = sourcecode.c.h; path = AppDelegate.h; sourceTree = "<group>"; };
		BDE076EE1CE45A6500A80AB6 /* AppDelegate.m */ = {isa = PBXFileReference; lastKnownFileType = sourcecode.c.objc; path = AppDelegate.m; sourceTree = "<group>"; };
		BDE076F01CE45A6500A80AB6 /* ViewController.h */ = {isa = PBXFileReference; lastKnownFileType = sourcecode.c.h; path = ViewController.h; sourceTree = "<group>"; };
		BDE076F11CE45A6500A80AB6 /* ViewController.m */ = {isa = PBXFileReference; lastKnownFileType = sourcecode.c.objc; path = ViewController.m; sourceTree = "<group>"; };
		BDE076F41CE45A6500A80AB6 /* Base */ = {isa = PBXFileReference; lastKnownFileType = file.storyboard; name = Base; path = Base.lproj/Main.storyboard; sourceTree = "<group>"; };
		BDE076F61CE45A6500A80AB6 /* Assets.xcassets */ = {isa = PBXFileReference; lastKnownFileType = folder.assetcatalog; path = Assets.xcassets; sourceTree = "<group>"; };
		BDE076F91CE45A6500A80AB6 /* Base */ = {isa = PBXFileReference; lastKnownFileType = file.storyboard; name = Base; path = Base.lproj/LaunchScreen.storyboard; sourceTree = "<group>"; };
		BDE076FB1CE45A6500A80AB6 /* Info.plist */ = {isa = PBXFileReference; lastKnownFileType = text.plist.xml; path = Info.plist; sourceTree = "<group>"; };
		BDE077001CE45A6600A80AB6 /* HelloWorldTests.xctest */ = {isa = PBXFileReference; explicitFileType = wrapper.cfbundle; includeInIndex = 0; path = HelloWorldTests.xctest; sourceTree = BUILT_PRODUCTS_DIR; };
		BDE077041CE45A6600A80AB6 /* HelloWorldTests.m */ = {isa = PBXFileReference; lastKnownFileType = sourcecode.c.objc; path = HelloWorldTests.m; sourceTree = "<group>"; };
		BDE077061CE45A6600A80AB6 /* Info.plist */ = {isa = PBXFileReference; lastKnownFileType = text.plist.xml; path = Info.plist; sourceTree = "<group>"; };
		BDE0770B1CE45A6600A80AB6 /* HelloWorldUITests.xctest */ = {isa = PBXFileReference; explicitFileType = wrapper.cfbundle; includeInIndex = 0; path = HelloWorldUITests.xctest; sourceTree = BUILT_PRODUCTS_DIR; };
		BDE0770F1CE45A6600A80AB6 /* HelloWorldUITests.m */ = {isa = PBXFileReference; lastKnownFileType = sourcecode.c.objc; path = HelloWorldUITests.m; sourceTree = "<group>"; };
		BDE077111CE45A6600A80AB6 /* Info.plist */ = {isa = PBXFileReference; lastKnownFileType = text.plist.xml; path = Info.plist; sourceTree = "<group>"; };
/* End PBXFileReference section */

/* Begin PBXFrameworksBuildPhase section */
		BDE076E41CE45A6500A80AB6 /* Frameworks */ = {
			isa = PBXFrameworksBuildPhase;
			buildActionMask = 2147483647;
			files = (
			);
			runOnlyForDeploymentPostprocessing = 0;
		};
		BDE076FD1CE45A6600A80AB6 /* Frameworks */ = {
			isa = PBXFrameworksBuildPhase;
			buildActionMask = 2147483647;
			files = (
			);
			runOnlyForDeploymentPostprocessing = 0;
		};
		BDE077081CE45A6600A80AB6 /* Frameworks */ = {
			isa = PBXFrameworksBuildPhase;
			buildActionMask = 2147483647;
			files = (
			);
			runOnlyForDeploymentPostprocessing = 0;
		};
/* End PBXFrameworksBuildPhase section */

/* Begin PBXGroup section */
		BDE076DE1CE45A6500A80AB6 = {
			isa = PBXGroup;
			children = (
				BDE076E91CE45A6500A80AB6 /* HelloWorld */,
				BDE077031CE45A6600A80AB6 /* HelloWorldTests */,
				BDE0770E1CE45A6600A80AB6 /* HelloWorldUITests */,
				BDE076E81CE45A6500A80AB6 /* Products */,
			);
			sourceTree = "<group>";
		};
		BDE076E81CE45A6500A80AB6 /* Products */ = {
			isa = PBXGroup;
			children = (
				BDE076E71CE45A6500A80AB6 /* HelloWorld.app */,
				BDE077001CE45A6600A80AB6 /* HelloWorldTests.xctest */,
				BDE0770B1CE45A6600A80AB6 /* HelloWorldUITests.xctest */,
			);
			name = Products;
			sourceTree = "<group>";
		};
		BDE076E91CE45A6500A80AB6 /* HelloWorld */ = {
			isa = PBXGroup;
			children = (
				BDE076ED1CE45A6500A80AB6 /* AppDelegate.h */,
				BDE076EE1CE45A6500A80AB6 /* AppDelegate.m */,
				BDE076F01CE45A6500A80AB6 /* ViewController.h */,
				BDE076F11CE45A6500A80AB6 /* ViewController.m */,
				BDE076F31CE45A6500A80AB6 /* Main.storyboard */,
				BDE076F61CE45A6500A80AB6 /* Assets.xcassets */,
				BDE076F81CE45A6500A80AB6 /* LaunchScreen.storyboard */,
				BDE076FB1CE45A6500A80AB6 /* Info.plist */,
				BDE076EA1CE45A6500A80AB6 /* Supporting Files */,
			);
			path = HelloWorld;
			sourceTree = "<group>";
		};
		BDE076EA1CE45A6500A80AB6 /* Supporting Files */ = {
			isa = PBXGroup;
			children = (
				BDE076EB1CE45A6500A80AB6 /* main.m */,
			);
			name = "Supporting Files";
			sourceTree = "<group>";
		};
		BDE077031CE45A6600A80AB6 /* HelloWorldTests */ = {
			isa = PBXGroup;
			children = (
				BDE077041CE45A6600A80AB6 /* HelloWorldTests.m */,
				BDE077061CE45A6600A80AB6 /* Info.plist */,
			);
			path = HelloWorldTests;
			sourceTree = "<group>";
		};
		BDE0770E1CE45A6600A80AB6 /* HelloWorldUITests */ = {
			isa = PBXGroup;
			children = (
				BDE0770F1CE45A6600A80AB6 /* HelloWorldUITests.m */,
				BDE077111CE45A6600A80AB6 /* Info.plist */,
			);
			path = HelloWorldUITests;
			sourceTree = "<group>";
		};
/* End PBXGroup section */

/* Begin PBXNativeTarget section */
		BDE076E61CE45A6500A80AB6 /* HelloWorld */ = {
			isa = PBXNativeTarget;
			buildConfigurationList = BDE077141CE45A6600A80AB6 /* Build configuration list for PBXNativeTarget "HelloWorld" */;
			buildPhases = (
				BDE076E31CE45A6500A80AB6 /* Sources */,
				BDE076E41CE45A6500A80AB6 /* Frameworks */,
				BDE076E51CE45A6500A80AB6 /* Resources */,
			);
			buildRules = (
			);
			dependencies = (
			);
			name = HelloWorld;
			productName = HelloWorld;
			productReference = BDE076E71CE45A6500A80AB6 /* HelloWorld.app */;
			productType = "com.apple.product-type.application";
		};
		BDE076FF1CE45A6600A80AB6 /* HelloWorldTests */ = {
			isa = PBXNativeTarget;
			buildConfigurationList = BDE077171CE45A6600A80AB6 /* Build configuration list for PBXNativeTarget "HelloWorldTests" */;
			buildPhases = (
				BDE076FC1CE45A6600A80AB6 /* Sources */,
				BDE076FD1CE45A6600A80AB6 /* Frameworks */,
				BDE076FE1CE45A6600A80AB6 /* Resources */,
			);
			buildRules = (
			);
			dependencies = (
				BDE077021CE45A6600A80AB6 /* PBXTargetDependency */,
			);
			name = HelloWorldTests;
			productName = HelloWorldTests;
			productReference = BDE077001CE45A6600A80AB6 /* HelloWorldTests.xctest */;
			productType = "com.apple.product-type.bundle.unit-test";
		};
		BDE0770A1CE45A6600A80AB6 /* HelloWorldUITests */ = {
			isa = PBXNativeTarget;
			buildConfigurationList = BDE0771A1CE45A6600A80AB6 /* Build configuration list for PBXNativeTarget "HelloWorldUITests" */;
			buildPhases = (
				BDE077071CE45A6600A80AB6 /* Sources */,
				BDE077081CE45A6600A80AB6 /* Frameworks */,
				BDE077091CE45A6600A80AB6 /* Resources */,
			);
			buildRules = (
			);
			dependencies = (
				BDE0770D1CE45A6600A80AB6 /* PBXTargetDependency */,
			);
			name = HelloWorldUITests;
			productName = HelloWorldUITests;
			productReference = BDE0770B1CE45A6600A80AB6 /* HelloWorldUITests.xctest */;
			productType = "com.apple.product-type.bundle.ui-testing";
		};
/* End PBXNativeTarget section */

/* Begin PBXProject section */
		BDE076DF1CE45A6500A80AB6 /* Project object */ = {
			isa = PBXProject;
			attributes = {
				LastUpgradeCheck = 0730;
				ORGANIZATIONNAME = Label;
				TargetAttributes = {
					BDE076E61CE45A6500A80AB6 = {
						CreatedOnToolsVersion = 7.3;
					};
					BDE076FF1CE45A6600A80AB6 = {
						CreatedOnToolsVersion = 7.3;
						TestTargetID = BDE076E61CE45A6500A80AB6;
					};
					BDE0770A1CE45A6600A80AB6 = {
						CreatedOnToolsVersion = 7.3;
						TestTargetID = BDE076E61CE45A6500A80AB6;
					};
				};
			};
			buildConfigurationList = BDE076E21CE45A6500A80AB6 /* Build configuration list for PBXProject "HelloWorld" */;
			compatibilityVersion = "Xcode 3.2";
			developmentRegion = English;
			hasScannedForEncodings = 0;
			knownRegions = (
				en,
				Base,
			);
			mainGroup = BDE076DE1CE45A6500A80AB6;
			productRefGroup = BDE076E81CE45A6500A80AB6 /* Products */;
			projectDirPath = "";
			projectRoot = "";
			targets = (
				BDE076E61CE45A6500A80AB6 /* HelloWorld */,
				BDE076FF1CE45A6600A80AB6 /* HelloWorldTests */,
				BDE0770A1CE45A6600A80AB6 /* HelloWorldUITests */,
			);
		};
/* End PBXProject section */

/* Begin PBXResourcesBuildPhase section */
		BDE076E51CE45A6500A80AB6 /* Resources */ = {
			isa = PBXResourcesBuildPhase;
			buildActionMask = 2147483647;
			files = (
				BDE076FA1CE45A6500A80AB6 /* LaunchScreen.storyboard in Resources */,
				BDE076F71CE45A6500A80AB6 /* Assets.xcassets in Resources */,
				BDE076F51CE45A6500A80AB6 /* Main.storyboard in Resources */,
			);
			runOnlyForDeploymentPostprocessing = 0;
		};
		BDE076FE1CE45A6600A80AB6 /* Resources */ = {
			isa = PBXResourcesBuildPhase;
			buildActionMask = 2147483647;
			files = (
			);
			runOnlyForDeploymentPostprocessing = 0;
		};
		BDE077091CE45A6600A80AB6 /* Resources */ = {
			isa = PBXResourcesBuildPhase;
			buildActionMask = 2147483647;
			files = (
			);
			runOnlyForDeploymentPostprocessing = 0;
		};
/* End PBXResourcesBuildPhase section */

/* Begin PBXSourcesBuildPhase section */
		BDE076E31CE45A6500A80AB6 /* Sources */ = {
			isa = PBXSourcesBuildPhase;
			buildActionMask = 2147483647;
			files = (
				BDE076F21CE45A6500A80AB6 /* ViewController.m in Sources */,
				BDE076EF1CE45A6500A80AB6 /* AppDelegate.m in Sources */,
				BDE076EC1CE45A6500A80AB6 /* main.m in Sources */,
			);
			runOnlyForDeploymentPostprocessing = 0;
		};
		BDE076FC1CE45A6600A80AB6 /* Sources */ = {
			isa = PBXSourcesBuildPhase;
			buildActionMask = 2147483647;
			files = (
				BDE077051CE45A6600A80AB6 /* HelloWorldTests.m in Sources */,
			);
			runOnlyForDeploymentPostprocessing = 0;
		};
		BDE077071CE45A6600A80AB6 /* Sources */ = {
			isa = PBXSourcesBuildPhase;
			buildActionMask = 2147483647;
			files = (
				BDE077101CE45A6600A80AB6 /* HelloWorldUITests.m in Sources */,
			);
			runOnlyForDeploymentPostprocessing = 0;
		};
/* End PBXSourcesBuildPhase section */

/* Begin PBXTargetDependency section */
		BDE077021CE45A6600A80AB6 /* PBXTargetDependency */ = {
			isa = PBXTargetDependency;
			target = BDE076E61CE45A6500A80AB6 /* HelloWorld */;
			targetProxy = BDE077011CE45A6600A80AB6 /* PBXContainerItemProxy */;
		};
		BDE0770D1CE45A6600A80AB6 /* PBXTargetDependency */ = {
			isa = PBXTargetDependency;
			target = BDE076E61CE45A6500A80AB6 /* HelloWorld */;
			targetProxy = BDE0770C1CE45A6600A80AB6 /* PBXContainerItemProxy */;
		};
/* End PBXTargetDependency section */

/* Begin PBXVariantGroup section */
		BDE076F31CE45A6500A80AB6 /* Main.storyboard */ = {
			isa = PBXVariantGroup;
			children = (
				BDE076F41CE45A6500A80AB6 /* Base */,
			);
			name = Main.storyboard;
			sourceTree = "<group>";
		};
		BDE076F81CE45A6500A80AB6 /* LaunchScreen.storyboard */ = {
			isa = PBXVariantGroup;
			children = (
				BDE076F91CE45A6500A80AB6 /* Base */,
			);
			name = LaunchScreen.storyboard;
			sourceTree = "<group>";
		};
/* End PBXVariantGroup section */

/* Begin XCBuildConfiguration section */
		BDE077121CE45A6600A80AB6 /* Debug */ = {
			isa = XCBuildConfiguration;
			buildSettings = {
				ALWAYS_SEARCH_USER_PATHS = NO;
				CLANG_ANALYZER_NONNULL = YES;
				CLANG_CXX_LANGUAGE_STANDARD = "gnu++0x";
				CLANG_CXX_LIBRARY = "libc++";
				CLANG_ENABLE_MODULES = YES;
				CLANG_ENABLE_OBJC_ARC = YES;
				CLANG_WARN_BOOL_CONVERSION = YES;
				CLANG_WARN_CONSTANT_CONVERSION = YES;
				CLANG_WARN_DIRECT_OBJC_ISA_USAGE = YES_ERROR;
				CLANG_WARN_EMPTY_BODY = YES;
				CLANG_WARN_ENUM_CONVERSION = YES;
				CLANG_WARN_INT_CONVERSION = YES;
				CLANG_WARN_OBJC_ROOT_CLASS = YES_ERROR;
				CLANG_WARN_UNREACHABLE_CODE = YES;
				CLANG_WARN__DUPLICATE_METHOD_MATCH = YES;
				"CODE_SIGN_IDENTITY[sdk=iphoneos*]" = "iPhone Developer";
				COPY_PHASE_STRIP = NO;
				DEBUG_INFORMATION_FORMAT = dwarf;
				ENABLE_STRICT_OBJC_MSGSEND = YES;
				ENABLE_TESTABILITY = YES;
				GCC_C_LANGUAGE_STANDARD = gnu99;
				GCC_DYNAMIC_NO_PIC = NO;
				GCC_NO_COMMON_BLOCKS = YES;
				GCC_OPTIMIZATION_LEVEL = 0;
				GCC_PREPROCESSOR_DEFINITIONS = (
					"DEBUG=1",
					"$(inherited)",
				);
				GCC_WARN_64_TO_32_BIT_CONVERSION = YES;
				GCC_WARN_ABOUT_RETURN_TYPE = YES_ERROR;
				GCC_WARN_UNDECLARED_SELECTOR = YES;
				GCC_WARN_UNINITIALIZED_AUTOS = YES_AGGRESSIVE;
				GCC_WARN_UNUSED_FUNCTION = YES;
				GCC_WARN_UNUSED_VARIABLE = YES;
				IPHONEOS_DEPLOYMENT_TARGET = 9.3;
				MTL_ENABLE_DEBUG_INFO = YES;
				ONLY_ACTIVE_ARCH = YES;
				SDKROOT = iphoneos;
				TARGETED_DEVICE_FAMILY = "1,2";
			};
			name = Debug;
		};
		BDE077131CE45A6600A80AB6 /* Release */ = {
			isa = XCBuildConfiguration;
			buildSettings = {
				ALWAYS_SEARCH_USER_PATHS = NO;
				CLANG_ANALYZER_NONNULL = YES;
				CLANG_CXX_LANGUAGE_STANDARD = "gnu++0x";
				CLANG_CXX_LIBRARY = "libc++";
				CLANG_ENABLE_MODULES = YES;
				CLANG_ENABLE_OBJC_ARC = YES;
				CLANG_WARN_BOOL_CONVERSION = YES;
				CLANG_WARN_CONSTANT_CONVERSION = YES;
				CLANG_WARN_DIRECT_OBJC_ISA_USAGE = YES_ERROR;
				CLANG_WARN_EMPTY_BODY = YES;
				CLANG_WARN_ENUM_CONVERSION = YES;
				CLANG_WARN_INT_CONVERSION = YES;
				CLANG_WARN_OBJC_ROOT_CLASS = YES_ERROR;
				CLANG_WARN_UNREACHABLE_CODE = YES;
				CLANG_WARN__DUPLICATE_METHOD_MATCH = YES;
				"CODE_SIGN_IDENTITY[sdk=iphoneos*]" = "iPhone Developer";
				COPY_PHASE_STRIP = NO;
				DEBUG_INFORMATION_FORMAT = "dwarf-with-dsym";
				ENABLE_NS_ASSERTIONS = NO;
				ENABLE_STRICT_OBJC_MSGSEND = YES;
				GCC_C_LANGUAGE_STANDARD = gnu99;
				GCC_NO_COMMON_BLOCKS = YES;
				GCC_WARN_64_TO_32_BIT_CONVERSION = YES;
				GCC_WARN_ABOUT_RETURN_TYPE = YES_ERROR;
				GCC_WARN_UNDECLARED_SELECTOR = YES;
				GCC_WARN_UNINITIALIZED_AUTOS = YES_AGGRESSIVE;
				GCC_WARN_UNUSED_FUNCTION = YES;
				GCC_WARN_UNUSED_VARIABLE = YES;
				IPHONEOS_DEPLOYMENT_TARGET = 9.3;
				MTL_ENABLE_DEBUG_INFO = NO;
				SDKROOT = iphoneos;
				TARGETED_DEVICE_FAMILY = "1,2";
				VALIDATE_PRODUCT = YES;
			};
			name = Release;
		};
		BDE077151CE45A6600A80AB6 /* Debug */ = {
			isa = XCBuildConfiguration;
			buildSettings = {
				ASSETCATALOG_COMPILER_APPICON_NAME = AppIcon;
				INFOPLIST_FILE = HelloWorld/Info.plist;
				LD_RUNPATH_SEARCH_PATHS = "$(inherited) @executable_path/Frameworks";
				PRODUCT_BUNDLE_IDENTIFIER = com.yinggu.helloword.HelloWorld;
				PRODUCT_NAME = "$(TARGET_NAME)";
			};
			name = Debug;
		};
		BDE077161CE45A6600A80AB6 /* Release */ = {
			isa = XCBuildConfiguration;
			buildSettings = {
				ASSETCATALOG_COMPILER_APPICON_NAME = AppIcon;
				INFOPLIST_FILE = HelloWorld/Info.plist;
				LD_RUNPATH_SEARCH_PATHS = "$(inherited) @executable_path/Frameworks";
				PRODUCT_BUNDLE_IDENTIFIER = com.yinggu.helloword.HelloWorld;
				PRODUCT_NAME = "$(TARGET_NAME)";
			};
			name = Release;
		};
		BDE077181CE45A6600A80AB6 /* Debug */ = {
			isa = XCBuildConfiguration;
			buildSettings = {
				BUNDLE_LOADER = "$(TEST_HOST)";
				INFOPLIST_FILE = HelloWorldTests/Info.plist;
				LD_RUNPATH_SEARCH_PATHS = "$(inherited) @executable_path/Frameworks @loader_path/Frameworks";
				PRODUCT_BUNDLE_IDENTIFIER = com.yinggu.helloword.HelloWorldTests;
				PRODUCT_NAME = "$(TARGET_NAME)";
				TEST_HOST = "$(BUILT_PRODUCTS_DIR)/HelloWorld.app/HelloWorld";
			};
			name = Debug;
		};
		BDE077191CE45A6600A80AB6 /* Release */ = {
			isa = XCBuildConfiguration;
			buildSettings = {
				BUNDLE_LOADER = "$(TEST_HOST)";
				INFOPLIST_FILE = HelloWorldTests/Info.plist;
				LD_RUNPATH_SEARCH_PATHS = "$(inherited) @executable_path/Frameworks @loader_path/Frameworks";
				PRODUCT_BUNDLE_IDENTIFIER = com.yinggu.helloword.HelloWorldTests;
				PRODUCT_NAME = "$(TARGET_NAME)";
				TEST_HOST = "$(BUILT_PRODUCTS_DIR)/HelloWorld.app/HelloWorld";
			};
			name = Release;
		};
		BDE0771B1CE45A6600A80AB6 /* Debug */ = {
			isa = XCBuildConfiguration;
			buildSettings = {
				INFOPLIST_FILE = HelloWorldUITests/Info.plist;
				LD_RUNPATH_SEARCH_PATHS = "$(inherited) @executable_path/Frameworks @loader_path/Frameworks";
				PRODUCT_BUNDLE_IDENTIFIER = com.yinggu.helloword.HelloWorldUITests;
				PRODUCT_NAME = "$(TARGET_NAME)";
				TEST_TARGET_NAME = HelloWorld;
			};
			name = Debug;
		};
		BDE0771C1CE45A6600A80AB6 /* Release */ = {
			isa = XCBuildConfiguration;
			buildSettings = {
				INFOPLIST_FILE = HelloWorldUITests/Info.plist;
				LD_RUNPATH_SEARCH_PATHS = "$(inherited) @executable_path/Frameworks @loader_path/Frameworks";
				PRODUCT_BUNDLE_IDENTIFIER = com.yinggu.helloword.HelloWorldUITests;
				PRODUCT_NAME = "$(TARGET_NAME)";
				TEST_TARGET_NAME = HelloWorld;
			};
			name = Release;
		};
/* End XCBuildConfiguration section */

/* Begin XCConfigurationList section */
		BDE076E21CE45A6500A80AB6 /* Build configuration list for PBXProject "HelloWorld" */ = {
			isa = XCConfigurationList;
			buildConfigurations = (
				BDE077121CE45A6600A80AB6 /* Debug */,
				BDE077131CE45A6600A80AB6 /* Release */,
			);
			defaultConfigurationIsVisible = 0;
			defaultConfigurationName = Release;
		};
		BDE077141CE45A6600A80AB6 /* Build configuration list for PBXNativeTarget "HelloWorld" */ = {
			isa = XCConfigurationList;
			buildConfigurations = (
				BDE077151CE45A6600A80AB6 /* Debug */,
				BDE077161CE45A6600A80AB6 /* Release */,
			);
			defaultConfigurationIsVisible = 0;
		};
		BDE077171CE45A6600A80AB6 /* Build configuration list for PBXNativeTarget "HelloWorldTests" */ = {
			isa = XCConfigurationList;
			buildConfigurations = (
				BDE077181CE45A6600A80AB6 /* Debug */,
				BDE077191CE45A6600A80AB6 /* Release */,
			);
			defaultConfigurationIsVisible = 0;
		};
		BDE0771A1CE45A6600A80AB6 /* Build configuration list for PBXNativeTarget "HelloWorldUITests" */ = {
			isa = XCConfigurationList;
			buildConfigurations = (
				BDE0771B1CE45A6600A80AB6 /* Debug */,
				BDE0771C1CE45A6600A80AB6 /* Release */,
			);
			defaultConfigurationIsVisible = 0;
		};
/* End XCConfigurationList section */
	};
	rootObject = BDE076DF1CE45A6500A80AB6 /* Project object */;
}
